
Microsoft Visual Studio Solution File, Format Version 12.00
# Visual Studio Version 16
VisualStudioVersion = 16.0.30804.86
MinimumVisualStudioVersion = 10.0.40219.1
Project("{FAE04EC0-301F-11D3-BF4B-00C04F79EFBC}") = "NVQLSV", "NVQLSV.csproj", "{F4FBCCB2-BB6F-46DE-907A-FD443B8AB113}"
EndProject
Global
	GlobalSection(SolutionConfigurationPlatforms) = preSolution
		Debug|Any CPU = Debug|Any CPU
		Release|Any CPU = Release|Any CPU
	EndGlobalSection
	GlobalSection(ProjectConfigurationPlatforms) = postSolution
		{F4FBCCB2-BB6F-46DE-907A-FD443B8AB113}.Debug|Any CPU.ActiveCfg = Debug|Any CPU
		{F4FBCCB2-BB6F-46DE-907A-FD443B8AB113}.Debug|Any CPU.Build.0 = Debug|Any CPU
		{F4FBCCB2-BB6F-46DE-907A-FD443B8AB113}.Release|Any CPU.ActiveCfg = Release|Any CPU
		{F4FBCCB2-BB6F-46DE-907A-FD443B8AB113}.Release|Any CPU.Build.0 = Release|Any CPU
	EndGlobalSection
	GlobalSection(SolutionProperties) = preSolution
		HideSolutionNode = FALSE
	EndGlobalSection
	GlobalSection(ExtensibilityGlobals) = postSolution
		SolutionGuid = {9F007367-A1F0-4D7C-A3F4-030C653A3C4D}
	EndGlobalSection
EndGlobal
